// !$*UTF8*$!
{
	archiveVersion = 1;
	classes = {
	};
	objectVersion = 50;
	objects = {

/* Begin PBXBuildFile section */
		18C35BD621CCD893003279DD /* AppDelegate.swift in Sources */ = {isa = PBXBuildFile; fileRef = 18C35BD521CCD893003279DD /* AppDelegate.swift */; };
		18C35BD821CCD893003279DD /* ViewController.swift in Sources */ = {isa = PBXBuildFile; fileRef = 18C35BD721CCD893003279DD /* ViewController.swift */; };
		18C35BDB21CCD893003279DD /* Main.storyboard in Resources */ = {isa = PBXBuildFile; fileRef = 18C35BD921CCD893003279DD /* Main.storyboard */; };
		18C35BDD21CCD896003279DD /* Assets.xcassets in Resources */ = {isa = PBXBuildFile; fileRef = 18C35BDC21CCD896003279DD /* Assets.xcassets */; };
		18C35BE021CCD896003279DD /* LaunchScreen.storyboard in Resources */ = {isa = PBXBuildFile; fileRef = 18C35BDE21CCD896003279DD /* LaunchScreen.storyboard */; };
		18C35BEB21CCD896003279DD /* NotificationsTests.swift in Sources */ = {isa = PBXBuildFile; fileRef = 18C35BEA21CCD896003279DD /* NotificationsTests.swift */; };
		18C35BF621CCD896003279DD /* NotificationsUITests.swift in Sources */ = {isa = PBXBuildFile; fileRef = 18C35BF521CCD896003279DD /* NotificationsUITests.swift */; };
/* End PBXBuildFile section */

/* Begin PBXContainerItemProxy section */
		18C35BE721CCD896003279DD /* PBXContainerItemProxy */ = {
			isa = PBXContainerItemProxy;
			containerPortal = 18C35BCA21CCD893003279DD /* Project object */;
			proxyType = 1;
			remoteGlobalIDString = 18C35BD121CCD893003279DD;
			remoteInfo = Notifications;
		};
		18C35BF221CCD896003279DD /* PBXContainerItemProxy */ = {
			isa = PBXContainerItemProxy;
			containerPortal = 18C35BCA21CCD893003279DD /* Project object */;
			proxyType = 1;
			remoteGlobalIDString = 18C35BD121CCD893003279DD;
			remoteInfo = Notifications;
		};
/* End PBXContainerItemProxy section */

/* Begin PBXFileReference section */
		18C35BD221CCD893003279DD /* Notifications.app */ = {isa = PBXFileReference; explicitFileType = wrapper.application; includeInIndex = 0; path = Notifications.app; sourceTree = BUILT_PRODUCTS_DIR; };
		18C35BD521CCD893003279DD /* AppDelegate.swift */ = {isa = PBXFileReference; lastKnownFileType = sourcecode.swift; path = AppDelegate.swift; sourceTree = "<group>"; };
		18C35BD721CCD893003279DD /* ViewController.swift */ = {isa = PBXFileReference; lastKnownFileType = sourcecode.swift; path = ViewController.swift; sourceTree = "<group>"; };
		18C35BDA21CCD893003279DD /* Base */ = {isa = PBXFileReference; lastKnownFileType = file.storyboard; name = Base; path = Base.lproj/Main.storyboard; sourceTree = "<group>"; };
		18C35BDC21CCD896003279DD /* Assets.xcassets */ = {isa = PBXFileReference; lastKnownFileType = folder.assetcatalog; path = Assets.xcassets; sourceTree = "<group>"; };
		18C35BDF21CCD896003279DD /* Base */ = {isa = PBXFileReference; lastKnownFileType = file.storyboard; name = Base; path = Base.lproj/LaunchScreen.storyboard; sourceTree = "<group>"; };
		18C35BE121CCD896003279DD /* Info.plist */ = {isa = PBXFileReference; lastKnownFileType = text.plist.xml; path = Info.plist; sourceTree = "<group>"; };
		18C35BE621CCD896003279DD /* NotificationsTests.xctest */ = {isa = PBXFileReference; explicitFileType = wrapper.cfbundle; includeInIndex = 0; path = NotificationsTests.xctest; sourceTree = BUILT_PRODUCTS_DIR; };
		18C35BEA21CCD896003279DD /* NotificationsTests.swift */ = {isa = PBXFileReference; lastKnownFileType = sourcecode.swift; path = NotificationsTests.swift; sourceTree = "<group>"; };
		18C35BEC21CCD896003279DD /* Info.plist */ = {isa = PBXFileReference; lastKnownFileType = text.plist.xml; path = Info.plist; sourceTree = "<group>"; };
		18C35BF121CCD896003279DD /* NotificationsUITests.xctest */ = {isa = PBXFileReference; explicitFileType = wrapper.cfbundle; includeInIndex = 0; path = NotificationsUITests.xctest; sourceTree = BUILT_PRODUCTS_DIR; };
		18C35BF521CCD896003279DD /* NotificationsUITests.swift */ = {isa = PBXFileReference; lastKnownFileType = sourcecode.swift; path = NotificationsUITests.swift; sourceTree = "<group>"; };
		18C35BF721CCD896003279DD /* Info.plist */ = {isa = PBXFileReference; lastKnownFileType = text.plist.xml; path = Info.plist; sourceTree = "<group>"; };
/* End PBXFileReference section */

/* Begin PBXFrameworksBuildPhase section */
		18C35BCF21CCD893003279DD /* Frameworks */ = {
			isa = PBXFrameworksBuildPhase;
			buildActionMask = 2147483647;
			files = (
			);
			runOnlyForDeploymentPostprocessing = 0;
		};
		18C35BE321CCD896003279DD /* Frameworks */ = {
			isa = PBXFrameworksBuildPhase;
			buildActionMask = 2147483647;
			files = (
			);
			runOnlyForDeploymentPostprocessing = 0;
		};
		18C35BEE21CCD896003279DD /* Frameworks */ = {
			isa = PBXFrameworksBuildPhase;
			buildActionMask = 2147483647;
			files = (
			);
			runOnlyForDeploymentPostprocessing = 0;
		};
/* End PBXFrameworksBuildPhase section */

/* Begin PBXGroup section */
		18C35BC921CCD893003279DD = {
			isa = PBXGroup;
			children = (
				18C35BD421CCD893003279DD /* Notifications */,
				18C35BE921CCD896003279DD /* NotificationsTests */,
				18C35BF421CCD896003279DD /* NotificationsUITests */,
				18C35BD321CCD893003279DD /* Products */,
			);
			sourceTree = "<group>";
		};
		18C35BD321CCD893003279DD /* Products */ = {
			isa = PBXGroup;
			children = (
				18C35BD221CCD893003279DD /* Notifications.app */,
				18C35BE621CCD896003279DD /* NotificationsTests.xctest */,
				18C35BF121CCD896003279DD /* NotificationsUITests.xctest */,
			);
			name = Products;
			sourceTree = "<group>";
		};
		18C35BD421CCD893003279DD /* Notifications */ = {
			isa = PBXGroup;
			children = (
				18C35BD521CCD893003279DD /* AppDelegate.swift */,
				18C35BD721CCD893003279DD /* ViewController.swift */,
				18C35BD921CCD893003279DD /* Main.storyboard */,
				18C35BDC21CCD896003279DD /* Assets.xcassets */,
				18C35BDE21CCD896003279DD /* LaunchScreen.storyboard */,
				18C35BE121CCD896003279DD /* Info.plist */,
			);
			path = Notifications;
			sourceTree = "<group>";
		};
		18C35BE921CCD896003279DD /* NotificationsTests */ = {
			isa = PBXGroup;
			children = (
				18C35BEA21CCD896003279DD /* NotificationsTests.swift */,
				18C35BEC21CCD896003279DD /* Info.plist */,
			);
			path = NotificationsTests;
			sourceTree = "<group>";
		};
		18C35BF421CCD896003279DD /* NotificationsUITests */ = {
			isa = PBXGroup;
			children = (
				18C35BF521CCD896003279DD /* NotificationsUITests.swift */,
				18C35BF721CCD896003279DD /* Info.plist */,
			);
			path = NotificationsUITests;
			sourceTree = "<group>";
		};
/* End PBXGroup section */

/* Begin PBXNativeTarget section */
		18C35BD121CCD893003279DD /* Notifications */ = {
			isa = PBXNativeTarget;
			buildConfigurationList = 18C35BFA21CCD896003279DD /* Build configuration list for PBXNativeTarget "Notifications" */;
			buildPhases = (
				18C35BCE21CCD893003279DD /* Sources */,
				18C35BCF21CCD893003279DD /* Frameworks */,
				18C35BD021CCD893003279DD /* Resources */,
			);
			buildRules = (
			);
			dependencies = (
			);
			name = Notifications;
			productName = Notifications;
			productReference = 18C35BD221CCD893003279DD /* Notifications.app */;
			productType = "com.apple.product-type.application";
		};
		18C35BE521CCD896003279DD /* NotificationsTests */ = {
			isa = PBXNativeTarget;
			buildConfigurationList = 18C35BFD21CCD896003279DD /* Build configuration list for PBXNativeTarget "NotificationsTests" */;
			buildPhases = (
				18C35BE221CCD896003279DD /* Sources */,
				18C35BE321CCD896003279DD /* Frameworks */,
				18C35BE421CCD896003279DD /* Resources */,
			);
			buildRules = (
			);
			dependencies = (
				18C35BE821CCD896003279DD /* PBXTargetDependency */,
			);
			name = NotificationsTests;
			productName = NotificationsTests;
			productReference = 18C35BE621CCD896003279DD /* NotificationsTests.xctest */;
			productType = "com.apple.product-type.bundle.unit-test";
		};
		18C35BF021CCD896003279DD /* NotificationsUITests */ = {
			isa = PBXNativeTarget;
			buildConfigurationList = 18C35C0021CCD896003279DD /* Build configuration list for PBXNativeTarget "NotificationsUITests" */;
			buildPhases = (
				18C35BED21CCD896003279DD /* Sources */,
				18C35BEE21CCD896003279DD /* Frameworks */,
				18C35BEF21CCD896003279DD /* Resources */,
			);
			buildRules = (
			);
			dependencies = (
				18C35BF321CCD896003279DD /* PBXTargetDependency */,
			);
			name = NotificationsUITests;
			productName = NotificationsUITests;
			productReference = 18C35BF121CCD896003279DD /* NotificationsUITests.xctest */;
			productType = "com.apple.product-type.bundle.ui-testing";
		};
/* End PBXNativeTarget section */

/* Begin PBXProject section */
		18C35BCA21CCD893003279DD /* Project object */ = {
			isa = PBXProject;
			attributes = {
				LastSwiftUpdateCheck = 1010;
				LastUpgradeCheck = 1010;
				ORGANIZATIONNAME = Seraphic;
				TargetAttributes = {
					18C35BD121CCD893003279DD = {
						CreatedOnToolsVersion = 10.1;
					};
					18C35BE521CCD896003279DD = {
						CreatedOnToolsVersion = 10.1;
						TestTargetID = 18C35BD121CCD893003279DD;
					};
					18C35BF021CCD896003279DD = {
						CreatedOnToolsVersion = 10.1;
						TestTargetID = 18C35BD121CCD893003279DD;
					};
				};
			};
			buildConfigurationList = 18C35BCD21CCD893003279DD /* Build configuration list for PBXProject "Notifications" */;
			compatibilityVersion = "Xcode 9.3";
			developmentRegion = en;
			hasScannedForEncodings = 0;
			knownRegions = (
				en,
				Base,
			);
			mainGroup = 18C35BC921CCD893003279DD;
			productRefGroup = 18C35BD321CCD893003279DD /* Products */;
			projectDirPath = "";
			projectRoot = "";
			targets = (
				18C35BD121CCD893003279DD /* Notifications */,
				18C35BE521CCD896003279DD /* NotificationsTests */,
				18C35BF021CCD896003279DD /* NotificationsUITests */,
			);
		};
/* End PBXProject section */

/* Begin PBXResourcesBuildPhase section */
		18C35BD021CCD893003279DD /* Resources */ = {
			isa = PBXResourcesBuildPhase;
			buildActionMask = 2147483647;
			files = (
				18C35BE021CCD896003279DD /* LaunchScreen.storyboard in Resources */,
				18C35BDD21CCD896003279DD /* Assets.xcassets in Resources */,
				18C35BDB21CCD893003279DD /* Main.storyboard in Resources */,
			);
			runOnlyForDeploymentPostprocessing = 0;
		};
		18C35BE421CCD896003279DD /* Resources */ = {
			isa = PBXResourcesBuildPhase;
			buildActionMask = 2147483647;
			files = (
			);
			runOnlyForDeploymentPostprocessing = 0;
		};
		18C35BEF21CCD896003279DD /* Resources */ = {
			isa = PBXResourcesBuildPhase;
			buildActionMask = 2147483647;
			files = (
			);
			runOnlyForDeploymentPostprocessing = 0;
		};
/* End PBXResourcesBuildPhase section */

/* Begin PBXSourcesBuildPhase section */
		18C35BCE21CCD893003279DD /* Sources */ = {
			isa = PBXSourcesBuildPhase;
			buildActionMask = 2147483647;
			files = (
				18C35BD821CCD893003279DD /* ViewController.swift in Sources */,
				18C35BD621CCD893003279DD /* AppDelegate.swift in Sources */,
			);
			runOnlyForDeploymentPostprocessing = 0;
		};
		18C35BE221CCD896003279DD /* Sources */ = {
			isa = PBXSourcesBuildPhase;
			buildActionMask = 2147483647;
			files = (
				18C35BEB21CCD896003279DD /* NotificationsTests.swift in Sources */,
			);
			runOnlyForDeploymentPostprocessing = 0;
		};
		18C35BED21CCD896003279DD /* Sources */ = {
			isa = PBXSourcesBuildPhase;
			buildActionMask = 2147483647;
			files = (
				18C35BF621CCD896003279DD /* NotificationsUITests.swift in Sources */,
			);
			runOnlyForDeploymentPostprocessing = 0;
		};
/* End PBXSourcesBuildPhase section */

/* Begin PBXTargetDependency section */
		18C35BE821CCD896003279DD /* PBXTargetDependency */ = {
			isa = PBXTargetDependency;
			target = 18C35BD121CCD893003279DD /* Notifications */;
			targetProxy = 18C35BE721CCD896003279DD /* PBXContainerItemProxy */;
		};
		18C35BF321CCD896003279DD /* PBXTargetDependency */ = {
			isa = PBXTargetDependency;
			target = 18C35BD121CCD893003279DD /* Notifications */;
			targetProxy = 18C35BF221CCD896003279DD /* PBXContainerItemProxy */;
		};
/* End PBXTargetDependency section */

/* Begin PBXVariantGroup section */
		18C35BD921CCD893003279DD /* Main.storyboard */ = {
			isa = PBXVariantGroup;
			children = (
				18C35BDA21CCD893003279DD /* Base */,
			);
			name = Main.storyboard;
			sourceTree = "<group>";
		};
		18C35BDE21CCD896003279DD /* LaunchScreen.storyboard */ = {
			isa = PBXVariantGroup;
			children = (
				18C35BDF21CCD896003279DD /* Base */,
			);
			name = LaunchScreen.storyboard;
			sourceTree = "<group>";
		};
/* End PBXVariantGroup section */

/* Begin XCBuildConfiguration section */
		18C35BF821CCD896003279DD /* Debug */ = {
			isa = XCBuildConfiguration;
			buildSettings = {
				ALWAYS_SEARCH_USER_PATHS = NO;
				CLANG_ANALYZER_NONNULL = YES;
				CLANG_ANALYZER_NUMBER_OBJECT_CONVERSION = YES_AGGRESSIVE;
				CLANG_CXX_LANGUAGE_STANDARD = "gnu++14";
				CLANG_CXX_LIBRARY = "libc++";
				CLANG_ENABLE_MODULES = YES;
				CLANG_ENABLE_OBJC_ARC = YES;
				CLANG_ENABLE_OBJC_WEAK = YES;
				CLANG_WARN_BLOCK_CAPTURE_AUTORELEASING = YES;
				CLANG_WARN_BOOL_CONVERSION = YES;
				CLANG_WARN_COMMA = YES;
				CLANG_WARN_CONSTANT_CONVERSION = YES;
				CLANG_WARN_DEPRECATED_OBJC_IMPLEMENTATIONS = YES;
				CLANG_WARN_DIRECT_OBJC_ISA_USAGE = YES_ERROR;
				CLANG_WARN_DOCUMENTATION_COMMENTS = YES;
				CLANG_WARN_EMPTY_BODY = YES;
				CLANG_WARN_ENUM_CONVERSION = YES;
				CLANG_WARN_INFINITE_RECURSION = YES;
				CLANG_WARN_INT_CONVERSION = YES;
				CLANG_WARN_NON_LITERAL_NULL_CONVERSION = YES;
				CLANG_WARN_OBJC_IMPLICIT_RETAIN_SELF = YES;
				CLANG_WARN_OBJC_LITERAL_CONVERSION = YES;
				CLANG_WARN_OBJC_ROOT_CLASS = YES_ERROR;
				CLANG_WARN_RANGE_LOOP_ANALYSIS = YES;
				CLANG_WARN_STRICT_PROTOTYPES = YES;
				CLANG_WARN_SUSPICIOUS_MOVE = YES;
				CLANG_WARN_UNGUARDED_AVAILABILITY = YES_AGGRESSIVE;
				CLANG_WARN_UNREACHABLE_CODE = YES;
				CLANG_WARN__DUPLICATE_METHOD_MATCH = YES;
				CODE_SIGN_IDENTITY = "iPhone Developer";
				COPY_PHASE_STRIP = NO;
				DEBUG_INFORMATION_FORMAT = dwarf;
				ENABLE_STRICT_OBJC_MSGSEND = YES;
				ENABLE_TESTABILITY = YES;
				GCC_C_LANGUAGE_STANDARD = gnu11;
				GCC_DYNAMIC_NO_PIC = NO;
				GCC_NO_COMMON_BLOCKS = YES;
				GCC_OPTIMIZATION_LEVEL = 0;
				GCC_PREPROCESSOR_DEFINITIONS = (
					"DEBUG=1",
					"$(inherited)",
				);
				GCC_WARN_64_TO_32_BIT_CONVERSION = YES;
				GCC_WARN_ABOUT_RETURN_TYPE = YES_ERROR;
				GCC_WARN_UNDECLARED_SELECTOR = YES;
				GCC_WARN_UNINITIALIZED_AUTOS = YES_AGGRESSIVE;
				GCC_WARN_UNUSED_FUNCTION = YES;
				GCC_WARN_UNUSED_VARIABLE = YES;
				IPHONEOS_DEPLOYMENT_TARGET = 12.1;
				MTL_ENABLE_DEBUG_INFO = INCLUDE_SOURCE;
				MTL_FAST_MATH = YES;
				ONLY_ACTIVE_ARCH = YES;
				SDKROOT = iphoneos;
				SWIFT_ACTIVE_COMPILATION_CONDITIONS = DEBUG;
				SWIFT_OPTIMIZATION_LEVEL = "-Onone";
			};
			name = Debug;
		};
		18C35BF921CCD896003279DD /* Release */ = {
			isa = XCBuildConfiguration;
			buildSettings = {
				ALWAYS_SEARCH_USER_PATHS = NO;
				CLANG_ANALYZER_NONNULL = YES;
				CLANG_ANALYZER_NUMBER_OBJECT_CONVERSION = YES_AGGRESSIVE;
				CLANG_CXX_LANGUAGE_STANDARD = "gnu++14";
				CLANG_CXX_LIBRARY = "libc++";
				CLANG_ENABLE_MODULES = YES;
				CLANG_ENABLE_OBJC_ARC = YES;
				CLANG_ENABLE_OBJC_WEAK = YES;
				CLANG_WARN_BLOCK_CAPTURE_AUTORELEASING = YES;
				CLANG_WARN_BOOL_CONVERSION = YES;
				CLANG_WARN_COMMA = YES;
				CLANG_WARN_CONSTANT_CONVERSION = YES;
				CLANG_WARN_DEPRECATED_OBJC_IMPLEMENTATIONS = YES;
				CLANG_WARN_DIRECT_OBJC_ISA_USAGE = YES_ERROR;
				CLANG_WARN_DOCUMENTATION_COMMENTS = YES;
				CLANG_WARN_EMPTY_BODY = YES;
				CLANG_WARN_ENUM_CONVERSION = YES;
				CLANG_WARN_INFINITE_RECURSION = YES;
				CLANG_WARN_INT_CONVERSION = YES;
				CLANG_WARN_NON_LITERAL_NULL_CONVERSION = YES;
				CLANG_WARN_OBJC_IMPLICIT_RETAIN_SELF = YES;
				CLANG_WARN_OBJC_LITERAL_CONVERSION = YES;
				CLANG_WARN_OBJC_ROOT_CLASS = YES_ERROR;
				CLANG_WARN_RANGE_LOOP_ANALYSIS = YES;
				CLANG_WARN_STRICT_PROTOTYPES = YES;
				CLANG_WARN_SUSPICIOUS_MOVE = YES;
				CLANG_WARN_UNGUARDED_AVAILABILITY = YES_AGGRESSIVE;
				CLANG_WARN_UNREACHABLE_CODE = YES;
				CLANG_WARN__DUPLICATE_METHOD_MATCH = YES;
				CODE_SIGN_IDENTITY = "iPhone Developer";
				COPY_PHASE_STRIP = NO;
				DEBUG_INFORMATION_FORMAT = "dwarf-with-dsym";
				ENABLE_NS_ASSERTIONS = NO;
				ENABLE_STRICT_OBJC_MSGSEND = YES;
				GCC_C_LANGUAGE_STANDARD = gnu11;
				GCC_NO_COMMON_BLOCKS = YES;
				GCC_WARN_64_TO_32_BIT_CONVERSION = YES;
				GCC_WARN_ABOUT_RETURN_TYPE = YES_ERROR;
				GCC_WARN_UNDECLARED_SELECTOR = YES;
				GCC_WARN_UNINITIALIZED_AUTOS = YES_AGGRESSIVE;
				GCC_WARN_UNUSED_FUNCTION = YES;
				GCC_WARN_UNUSED_VARIABLE = YES;
				IPHONEOS_DEPLOYMENT_TARGET = 12.1;
				MTL_ENABLE_DEBUG_INFO = NO;
				MTL_FAST_MATH = YES;
				SDKROOT = iphoneos;
				SWIFT_COMPILATION_MODE = wholemodule;
				SWIFT_OPTIMIZATION_LEVEL = "-O";
				VALIDATE_PRODUCT = YES;
			};
			name = Release;
		};
		18C35BFB21CCD896003279DD /* Debug */ = {
			isa = XCBuildConfiguration;
			buildSettings = {
				ASSETCATALOG_COMPILER_APPICON_NAME = AppIcon;
				CODE_SIGN_STYLE = Automatic;
				DEVELOPMENT_TEAM = KFR6RWC37Z;
				INFOPLIST_FILE = Notifications/Info.plist;
				LD_RUNPATH_SEARCH_PATHS = (
					"$(inherited)",
					"@executable_path/Frameworks",
				);
				PRODUCT_BUNDLE_IDENTIFIER = Seraphic.Notifications;
				PRODUCT_NAME = "$(TARGET_NAME)";
				SWIFT_VERSION = 4.2;
				TARGETED_DEVICE_FAMILY = "1,2";
			};
			name = Debug;
		};
		18C35BFC21CCD896003279DD /* Release */ = {
			isa = XCBuildConfiguration;
			buildSettings = {
				ASSETCATALOG_COMPILER_APPICON_NAME = AppIcon;
				CODE_SIGN_STYLE = Automatic;
				DEVELOPMENT_TEAM = KFR6RWC37Z;
				INFOPLIST_FILE = Notifications/Info.plist;
				LD_RUNPATH_SEARCH_PATHS = (
					"$(inherited)",
					"@executable_path/Frameworks",
				);
				PRODUCT_BUNDLE_IDENTIFIER = Seraphic.Notifications;
				PRODUCT_NAME = "$(TARGET_NAME)";
				SWIFT_VERSION = 4.2;
				TARGETED_DEVICE_FAMILY = "1,2";
			};
			name = Release;
		};
		18C35BFE21CCD896003279DD /* Debug */ = {
			isa = XCBuildConfiguration;
			buildSettings = {
				ALWAYS_EMBED_SWIFT_STANDARD_LIBRARIES = YES;
				BUNDLE_LOADER = "$(TEST_HOST)";
				CODE_SIGN_STYLE = Automatic;
				DEVELOPMENT_TEAM = KFR6RWC37Z;
				INFOPLIST_FILE = NotificationsTests/Info.plist;
				LD_RUNPATH_SEARCH_PATHS = (
					"$(inherited)",
					"@executable_path/Frameworks",
					"@loader_path/Frameworks",
				);
				PRODUCT_BUNDLE_IDENTIFIER = Seraphic.NotificationsTests;
				PRODUCT_NAME = "$(TARGET_NAME)";
				SWIFT_VERSION = 4.2;
				TARGETED_DEVICE_FAMILY = "1,2";
				TEST_HOST = "$(BUILT_PRODUCTS_DIR)/Notifications.app/Notifications";
			};
			name = Debug;
		};
		18C35BFF21CCD896003279DD /* Release */ = {
			isa = XCBuildConfiguration;
			buildSettings = {
				ALWAYS_EMBED_SWIFT_STANDARD_LIBRARIES = YES;
				BUNDLE_LOADER = "$(TEST_HOST)";
				CODE_SIGN_STYLE = Automatic;
				DEVELOPMENT_TEAM = KFR6RWC37Z;
				INFOPLIST_FILE = NotificationsTests/Info.plist;
				LD_RUNPATH_SEARCH_PATHS = (
					"$(inherited)",
					"@executable_path/Frameworks",
					"@loader_path/Frameworks",
				);
				PRODUCT_BUNDLE_IDENTIFIER = Seraphic.NotificationsTests;
				PRODUCT_NAME = "$(TARGET_NAME)";
				SWIFT_VERSION = 4.2;
				TARGETED_DEVICE_FAMILY = "1,2";
				TEST_HOST = "$(BUILT_PRODUCTS_DIR)/Notifications.app/Notifications";
			};
			name = Release;
		};
		18C35C0121CCD896003279DD /* Debug */ = {
			isa = XCBuildConfiguration;
			buildSettings = {
				ALWAYS_EMBED_SWIFT_STANDARD_LIBRARIES = YES;
				CODE_SIGN_STYLE = Automatic;
				DEVELOPMENT_TEAM = KFR6RWC37Z;
				INFOPLIST_FILE = NotificationsUITests/Info.plist;
				LD_RUNPATH_SEARCH_PATHS = (
					"$(inherited)",
					"@executable_path/Frameworks",
					"@loader_path/Frameworks",
				);
				PRODUCT_BUNDLE_IDENTIFIER = Seraphic.NotificationsUITests;
				PRODUCT_NAME = "$(TARGET_NAME)";
				SWIFT_VERSION = 4.2;
				TARGETED_DEVICE_FAMILY = "1,2";
				TEST_TARGET_NAME = Notifications;
			};
			name = Debug;
		};
		18C35C0221CCD896003279DD /* Release */ = {
			isa = XCBuildConfiguration;
			buildSettings = {
				ALWAYS_EMBED_SWIFT_STANDARD_LIBRARIES = YES;
				CODE_SIGN_STYLE = Automatic;
				DEVELOPMENT_TEAM = KFR6RWC37Z;
				INFOPLIST_FILE = NotificationsUITests/Info.plist;
				LD_RUNPATH_SEARCH_PATHS = (
					"$(inherited)",
					"@executable_path/Frameworks",
					"@loader_path/Frameworks",
				);
				PRODUCT_BUNDLE_IDENTIFIER = Seraphic.NotificationsUITests;
				PRODUCT_NAME = "$(TARGET_NAME)";
				SWIFT_VERSION = 4.2;
				TARGETED_DEVICE_FAMILY = "1,2";
				TEST_TARGET_NAME = Notifications;
			};
			name = Release;
		};
/* End XCBuildConfiguration section */

/* Begin XCConfigurationList section */
		18C35BCD21CCD893003279DD /* Build configuration list for PBXProject "Notifications" */ = {
			isa = XCConfigurationList;
			buildConfigurations = (
				18C35BF821CCD896003279DD /* Debug */,
				18C35BF921CCD896003279DD /* Release */,
			);
			defaultConfigurationIsVisible = 0;
			defaultConfigurationName = Release;
		};
		18C35BFA21CCD896003279DD /* Build configuration list for PBXNativeTarget "Notifications" */ = {
			isa = XCConfigurationList;
			buildConfigurations = (
				18C35BFB21CCD896003279DD /* Debug */,
				18C35BFC21CCD896003279DD /* Release */,
			);
			defaultConfigurationIsVisible = 0;
			defaultConfigurationName = Release;
		};
		18C35BFD21CCD896003279DD /* Build configuration list for PBXNativeTarget "NotificationsTests" */ = {
			isa = XCConfigurationList;
			buildConfigurations = (
				18C35BFE21CCD896003279DD /* Debug */,
				18C35BFF21CCD896003279DD /* Release */,
			);
			defaultConfigurationIsVisible = 0;
			defaultConfigurationName = Release;
		};
		18C35C0021CCD896003279DD /* Build configuration list for PBXNativeTarget "NotificationsUITests" */ = {
			isa = XCConfigurationList;
			buildConfigurations = (
				18C35C0121CCD896003279DD /* Debug */,
				18C35C0221CCD896003279DD /* Release */,
			);
			defaultConfigurationIsVisible = 0;
			defaultConfigurationName = Release;
		};
/* End XCConfigurationList section */
	};
	rootObject = 18C35BCA21CCD893003279DD /* Project object */;
}
